
Microsoft Visual Studio Solution File, Format Version 12.00
# Visual Studio Version 16
VisualStudioVersion = 16.0.29613.14
MinimumVisualStudioVersion = 10.0.40219.1
Project("{9A19103F-16F7-4668-BE54-9A1E7A4F7556}") = "PasApiAutomation", "PasApiAutomation\PasApiAutomation.csproj", "{97BAABE4-7724-46F8-9861-05DA8DCBC77C}"
EndProject
Global
	GlobalSection(SolutionConfigurationPlatforms) = preSolution
		Debug|Any CPU = Debug|Any CPU
		Release|Any CPU = Release|Any CPU
	EndGlobalSection
	GlobalSection(ProjectConfigurationPlatforms) = postSolution
		{97BAABE4-7724-46F8-9861-05DA8DCBC77C}.Debug|Any CPU.ActiveCfg = Debug|Any CPU
		{97BAABE4-7724-46F8-9861-05DA8DCBC77C}.Debug|Any CPU.Build.0 = Debug|Any CPU
		{97BAABE4-7724-46F8-9861-05DA8DCBC77C}.Release|Any CPU.ActiveCfg = Release|Any CPU
		{97BAABE4-7724-46F8-9861-05DA8DCBC77C}.Release|Any CPU.Build.0 = Release|Any CPU
	EndGlobalSection
	GlobalSection(SolutionProperties) = preSolution
		HideSolutionNode = FALSE
	EndGlobalSection
	GlobalSection(ExtensibilityGlobals) = postSolution
		SolutionGuid = {B0CEFC2F-8F0D-4C06-8AC8-96865B358416}
	EndGlobalSection
EndGlobal
